<?xml version="1.0" encoding="utf-8"?>
<Project ToolsVersion="4.0" xmlns="http://schemas.microsoft.com/developer/msbuild/2003">
  <ItemGroup>
    <Filter Include="Source Files">
      <UniqueIdentifier>{4FC737F1-C7A5-4376-A066-2A32D752A2FF}</UniqueIdentifier>
      <Extensions>cpp;c;cc;cxx;def;odl;idl;hpj;bat;asm;asmx</Extensions>
    </Filter>
    <Filter Include="Header Files">
      <UniqueIdentifier>{93995380-89BD-4b04-88EB-625FBE52EBFB}</UniqueIdentifier>
      <Extensions>h;hh;hpp;hxx;hm;inl;inc;xsd</Extensions>
    </Filter>
    <Filter Include="Resource Files">
      <UniqueIdentifier>{67DA6AB6-F800-4c08-8B7A-83BB121AAD01}</UniqueIdentifier>
      <Extensions>rc;ico;cur;bmp;dlg;rc2;rct;bin;rgs;gif;jpg;jpeg;jpe;resx;tiff;tif;png;wav;mfcribbon-ms</Extensions>
    </Filter>
    <Filter Include="Source Files\drivers">
      <UniqueIdentifier>{41aa62ca-bd13-43a3-a4c7-bff466a33b6a}</UniqueIdentifier>
    </Filter>
    <Filter Include="Source Files\drivers\BME680">
      <UniqueIdentifier>{cbc341f8-3118-4c35-bb71-67a425eee912}</UniqueIdentifier>
    </Filter>
    <Filter Include="Source Files\drivers\LSM6DSO">
      <UniqueIdentifier>{6e7aaa83-f6c0-4715-ad7c-92af0ddc67fc}</UniqueIdentifier>
    </Filter>
    <Filter Include="Source Files\drivers\LPS22HH">
      <UniqueIdentifier>{2cb65f49-7dd1-4e02-b5ab-c7ea7649e176}</UniqueIdentifier>
    </Filter>
    <Filter Include="Source Files\libraries">
      <UniqueIdentifier>{259684a4-bc74-47d5-880e-1340bd8617a9}</UniqueIdentifier>
    </Filter>
    <Filter Include="Source Files\libraries\bsec">
      <UniqueIdentifier>{f5c68726-5d4f-43e7-81ea-d39ac9263d16}</UniqueIdentifier>
    </Filter>
    <Filter Include="Source Files\libraries\parson">
      <UniqueIdentifier>{4260220e-5645-4593-8faa-e6139961b6bf}</UniqueIdentifier>
    </Filter>
  </ItemGroup>
  <ItemGroup>
    <ClCompile Include="main.c">
      <Filter>Source Files</Filter>
    </ClCompile>
    <ClInclude Include="applibs_versions.h">
      <Filter>Header Files</Filter>
    </ClInclude>
    <ClCompile Include="epoll_timerfd_utilities.c">
      <Filter>Source Files</Filter>
    </ClCompile>
    <UpToDateCheckInput Include="app_manifest.json" />
    <ClCompile Include="azure_iot_utilities.c">
      <Filter>Source Files</Filter>
    </ClCompile>
    <ClCompile Include="device_twin.c">
      <Filter>Source Files</Filter>
    </ClCompile>
    <ClCompile Include="i2c.c">
      <Filter>Source Files</Filter>
    </ClCompile>
    <ClCompile Include="oled.c">
      <Filter>Source Files</Filter>
    </ClCompile>
    <ClCompile Include="sd1306.c">
      <Filter>Source Files</Filter>
    </ClCompile>
    <ClCompile Include="drivers\BME680\Self test\bme680_selftest.c">
      <Filter>Source Files\drivers\BME680</Filter>
    </ClCompile>
    <ClCompile Include="drivers\BME680\bme680.c">
      <Filter>Source Files\drivers\BME680</Filter>
    </ClCompile>
    <ClCompile Include="lsm6dso_reg.c">
      <Filter>Source Files\drivers\LSM6DSO</Filter>
    </ClCompile>
    <ClCompile Include="lps22hh_reg.c">
      <Filter>Source Files\drivers\LPS22HH</Filter>
    </ClCompile>
    <ClCompile Include="parson.c">
      <Filter>Source Files\libraries\parson</Filter>
    </ClCompile>
    <ClCompile Include="bme680_integration.c">
      <Filter>Source Files</Filter>
    </ClCompile>
    <ClCompile Include="libraries\BSEC\bsec_serialized_configurations_iaq.c">
      <Filter>Source Files\libraries\bsec</Filter>
    </ClCompile>
  </ItemGroup>
  <ItemGroup>
    <ClInclude Include="epoll_timerfd_utilities.h">
      <Filter>Header Files</Filter>
    </ClInclude>
    <ClInclude Include="azure_iot_utilities.h">
      <Filter>Header Files</Filter>
    </ClInclude>
    <ClInclude Include="build_options.h">
      <Filter>Header Files</Filter>
    </ClInclude>
    <ClInclude Include="connection_strings.h">
      <Filter>Header Files</Filter>
    </ClInclude>
    <ClInclude Include="deviceTwin.h">
      <Filter>Header Files</Filter>
    </ClInclude>
    <ClInclude Include="i2c.h">
      <Filter>Header Files</Filter>
    </ClInclude>
    <ClInclude Include="lps22hh_reg.h">
      <Filter>Header Files</Filter>
    </ClInclude>
    <ClInclude Include="lsm6dso_reg.h">
      <Filter>Header Files</Filter>
    </ClInclude>
    <ClInclude Include="parson.h">
      <Filter>Header Files</Filter>
    </ClInclude>
    <ClInclude Include="oled.h">
      <Filter>Header Files</Filter>
    </ClInclude>
    <ClInclude Include="font.h">
      <Filter>Header Files</Filter>
    </ClInclude>
    <ClInclude Include="sd1306.h">
      <Filter>Header Files</Filter>
    </ClInclude>
    <ClInclude Include="drivers\BME680\Self test\bme680_selftest.h">
      <Filter>Source Files\drivers\BME680</Filter>
    </ClInclude>
    <ClInclude Include="drivers\BME680\bme680.h">
      <Filter>Source Files\drivers\BME680</Filter>
    </ClInclude>
    <ClInclude Include="drivers\BME680\bme680_defs.h">
      <Filter>Source Files\drivers\BME680</Filter>
    </ClInclude>
    <ClInclude Include="sensors.h">
      <Filter>Header Files</Filter>
    </ClInclude>
    <ClInclude Include="libraries\BSEC\bsec_datatypes.h">
      <Filter>Source Files\libraries\bsec</Filter>
    </ClInclude>
    <ClInclude Include="libraries\BSEC\bsec_interface.h">
      <Filter>Source Files\libraries\bsec</Filter>
    </ClInclude>
    <ClInclude Include="libraries\BSEC\bsec_serialized_configurations_iaq.h">
      <Filter>Source Files\libraries\bsec</Filter>
    </ClInclude>
  </ItemGroup>
  <ItemGroup>
    <Library Include="libraries\BSEC\libalgobsec.a">
      <Filter>Source Files\libraries\bsec</Filter>
    </Library>
  </ItemGroup>
  <ItemGroup>
    <None Include="readme.md">
      <Filter>Source Files</Filter>
    </None>
  </ItemGroup>
</Project>