
Microsoft Visual Studio Solution File, Format Version 12.00
# Visual Studio Version 16
VisualStudioVersion = 16.0.29318.209
MinimumVisualStudioVersion = 10.0.40219.1
Project("{8BC9CEB8-8B4A-11D0-8D11-00A0C91BC942}") = "EnvironmentMonitor_HighLevelApp", "EnvironmentMonitor_HighLevelApp.vcxproj", "{18EBA38F-FD85-4B8D-886D-FD6B82EAED95}"
EndProject
Global
	GlobalSection(SolutionConfigurationPlatforms) = preSolution
		Debug|ARM = Debug|ARM
		Release|ARM = Release|ARM
	EndGlobalSection
	GlobalSection(ProjectConfigurationPlatforms) = postSolution
		{18EBA38F-FD85-4B8D-886D-FD6B82EAED95}.Debug|ARM.ActiveCfg = Debug|ARM
		{18EBA38F-FD85-4B8D-886D-FD6B82EAED95}.Debug|ARM.Build.0 = Debug|ARM
		{18EBA38F-FD85-4B8D-886D-FD6B82EAED95}.Release|ARM.ActiveCfg = Release|ARM
		{18EBA38F-FD85-4B8D-886D-FD6B82EAED95}.Release|ARM.Build.0 = Release|ARM
	EndGlobalSection
	GlobalSection(SolutionProperties) = preSolution
		HideSolutionNode = FALSE
	EndGlobalSection
	GlobalSection(ExtensibilityGlobals) = postSolution
		SolutionGuid = {DA157088-0FE4-49FD-8618-AAE171BCFF41}
	EndGlobalSection
EndGlobal
